
Microsoft Visual Studio Solution File, Format Version 12.00
# Visual Studio Version 16
VisualStudioVersion = 16.0.33927.289
MinimumVisualStudioVersion = 10.0.40219.1
Project("{2150E333-8FDC-42A3-9474-1A3956D46DE8}") = "Task0", "Task0", "{F4D65A12-9284-4D21-ACFC-E72D83017C40}"
EndProject
Project("{FAE04EC0-301F-11D3-BF4B-00C04F79EFBC}") = "Tyuiu.PyatkovaAYu.Sprint5.Task0.V19", "Tyuiu.PyatkovaAYu.Sprint5.Task0.V19\Tyuiu.PyatkovaAYu.Sprint5.Task0.V19.csproj", "{873EECE3-DEA3-4A33-8776-4414F5444FC7}"
EndProject
Project("{FAE04EC0-301F-11D3-BF4B-00C04F79EFBC}") = "Tyuiu.PyatkovaAYu.Sprint5.Task0.V19.Lib", "Tyuiu.PyatkovaAYu.Sprint5.Task0.V19.Lib\Tyuiu.PyatkovaAYu.Sprint5.Task0.V19.Lib.csproj", "{FA4C647F-48F3-4153-B7C6-C8A9A964CF2E}"
EndProject
Project("{FAE04EC0-301F-11D3-BF4B-00C04F79EFBC}") = "Tyuiu.PyatkovaAYu.Sprint5.Task0.V19.Test", "Tyuiu.PyatkovaAYu.Sprint5.Task0.V19.Test\Tyuiu.PyatkovaAYu.Sprint5.Task0.V19.Test.csproj", "{910FE999-C88D-42FA-9639-1CC88D14509D}"
EndProject
Project("{2150E333-8FDC-42A3-9474-1A3956D46DE8}") = "Task1", "Task1", "{C36E770A-93CF-4569-AEB3-30B0595E3681}"
EndProject
Project("{FAE04EC0-301F-11D3-BF4B-00C04F79EFBC}") = "Tyuiu.PyatkovaAYu.Sprint5.Task1.V4", "Tyuiu.PyatkovaAYu.Sprint5.Task1.V4\Tyuiu.PyatkovaAYu.Sprint5.Task1.V4.csproj", "{FA1D2A4C-C062-488E-9DC8-314F9EC2409B}"
EndProject
Project("{FAE04EC0-301F-11D3-BF4B-00C04F79EFBC}") = "Tyuiu.PyatkovaAYu.Sprint5.Task1.V4.Lib", "Tyuiu.PyatkovaAYu.Sprint5.Task1.V4.Lib\Tyuiu.PyatkovaAYu.Sprint5.Task1.V4.Lib.csproj", "{22F89690-5DCE-40F8-9070-9CF227FD12A9}"
EndProject
Project("{FAE04EC0-301F-11D3-BF4B-00C04F79EFBC}") = "Tyuiu.PyatkovaAYu.Sprint5.Task1.V4.Test", "Tyuiu.PyatkovaAYu.Sprint5.Task1.V4.Test\Tyuiu.PyatkovaAYu.Sprint5.Task1.V4.Test.csproj", "{D1ECD363-63DD-43F1-9283-535A9DBB781C}"
EndProject
Project("{2150E333-8FDC-42A3-9474-1A3956D46DE8}") = "Task2", "Task2", "{984CD4E5-FB6D-4CB1-BE4C-7433747B92BC}"
EndProject
Project("{FAE04EC0-301F-11D3-BF4B-00C04F79EFBC}") = "Tyuiu.PyatkovaAYu.Sprint5.Task2.V16", "Tyuiu.PyatkovaAYu.Sprint5.Task2.V16\Tyuiu.PyatkovaAYu.Sprint5.Task2.V16.csproj", "{3A28DB6C-88ED-4904-82DD-AAA8A2825F16}"
EndProject
Project("{FAE04EC0-301F-11D3-BF4B-00C04F79EFBC}") = "Tyuiu.PyatkovaAYu.Sprint5.Task2.V16.Lib", "Tyuiu.PyatkovaAYu.Sprint5.Task2.V16.Lib\Tyuiu.PyatkovaAYu.Sprint5.Task2.V16.Lib.csproj", "{208BD895-0C7D-4F8C-A000-285E36CDD7E4}"
EndProject
Project("{FAE04EC0-301F-11D3-BF4B-00C04F79EFBC}") = "Tyuiu.PyatkovaAYu.Sprint5.Task2.V16.Test", "Tyuiu.PyatkovaAYu.Sprint5.Task2.V16.Test\Tyuiu.PyatkovaAYu.Sprint5.Task2.V16.Test.csproj", "{FF6FE8D2-89E3-4E13-AC5F-8D3D184A68F3}"
EndProject
Project("{2150E333-8FDC-42A3-9474-1A3956D46DE8}") = "Task3", "Task3", "{59BA8C1B-C391-48F3-90EF-F0304EF656D9}"
EndProject
Project("{FAE04EC0-301F-11D3-BF4B-00C04F79EFBC}") = "Tyuiu.PyatkovaAYu.Sprint5.Task3.V28", "Tyuiu.PyatkovaAYu.Sprint5.Task3.V28\Tyuiu.PyatkovaAYu.Sprint5.Task3.V28.csproj", "{3C5BA67A-8DC7-495F-BE23-27B559844F69}"
EndProject
Project("{FAE04EC0-301F-11D3-BF4B-00C04F79EFBC}") = "Tyuiu.PyatkovaAYu.Sprint5.Task3.V28.Lib", "Tyuiu.PyatkovaAYu.Sprint5.Task3.V28.Lib\Tyuiu.PyatkovaAYu.Sprint5.Task3.V28.Lib.csproj", "{9BFFC3ED-AB9A-48FD-9F47-2F14B7CE5447}"
EndProject
Project("{FAE04EC0-301F-11D3-BF4B-00C04F79EFBC}") = "Tyuiu.PyatkovaAYu.Sprint5.Task3.V28.Test", "Tyuiu.PyatkovaAYu.Sprint5.Task3.V28.Test\Tyuiu.PyatkovaAYu.Sprint5.Task3.V28.Test.csproj", "{A84B8C45-42A4-4119-A0F4-8CD0F43D71AB}"
EndProject
Global
	GlobalSection(SolutionConfigurationPlatforms) = preSolution
		Debug|Any CPU = Debug|Any CPU
		Release|Any CPU = Release|Any CPU
	EndGlobalSection
	GlobalSection(ProjectConfigurationPlatforms) = postSolution
		{873EECE3-DEA3-4A33-8776-4414F5444FC7}.Debug|Any CPU.ActiveCfg = Debug|Any CPU
		{873EECE3-DEA3-4A33-8776-4414F5444FC7}.Debug|Any CPU.Build.0 = Debug|Any CPU
		{873EECE3-DEA3-4A33-8776-4414F5444FC7}.Release|Any CPU.ActiveCfg = Release|Any CPU
		{873EECE3-DEA3-4A33-8776-4414F5444FC7}.Release|Any CPU.Build.0 = Release|Any CPU
		{FA4C647F-48F3-4153-B7C6-C8A9A964CF2E}.Debug|Any CPU.ActiveCfg = Debug|Any CPU
		{FA4C647F-48F3-4153-B7C6-C8A9A964CF2E}.Debug|Any CPU.Build.0 = Debug|Any CPU
		{FA4C647F-48F3-4153-B7C6-C8A9A964CF2E}.Release|Any CPU.ActiveCfg = Release|Any CPU
		{FA4C647F-48F3-4153-B7C6-C8A9A964CF2E}.Release|Any CPU.Build.0 = Release|Any CPU
		{910FE999-C88D-42FA-9639-1CC88D14509D}.Debug|Any CPU.ActiveCfg = Debug|Any CPU
		{910FE999-C88D-42FA-9639-1CC88D14509D}.Debug|Any CPU.Build.0 = Debug|Any CPU
		{910FE999-C88D-42FA-9639-1CC88D14509D}.Release|Any CPU.ActiveCfg = Release|Any CPU
		{910FE999-C88D-42FA-9639-1CC88D14509D}.Release|Any CPU.Build.0 = Release|Any CPU
		{FA1D2A4C-C062-488E-9DC8-314F9EC2409B}.Debug|Any CPU.ActiveCfg = Debug|Any CPU
		{FA1D2A4C-C062-488E-9DC8-314F9EC2409B}.Debug|Any CPU.Build.0 = Debug|Any CPU
		{FA1D2A4C-C062-488E-9DC8-314F9EC2409B}.Release|Any CPU.ActiveCfg = Release|Any CPU
		{FA1D2A4C-C062-488E-9DC8-314F9EC2409B}.Release|Any CPU.Build.0 = Release|Any CPU
		{22F89690-5DCE-40F8-9070-9CF227FD12A9}.Debug|Any CPU.ActiveCfg = Debug|Any CPU
		{22F89690-5DCE-40F8-9070-9CF227FD12A9}.Debug|Any CPU.Build.0 = Debug|Any CPU
		{22F89690-5DCE-40F8-9070-9CF227FD12A9}.Release|Any CPU.ActiveCfg = Release|Any CPU
		{22F89690-5DCE-40F8-9070-9CF227FD12A9}.Release|Any CPU.Build.0 = Release|Any CPU
		{D1ECD363-63DD-43F1-9283-535A9DBB781C}.Debug|Any CPU.ActiveCfg = Debug|Any CPU
		{D1ECD363-63DD-43F1-9283-535A9DBB781C}.Debug|Any CPU.Build.0 = Debug|Any CPU
		{D1ECD363-63DD-43F1-9283-535A9DBB781C}.Release|Any CPU.ActiveCfg = Release|Any CPU
		{D1ECD363-63DD-43F1-9283-535A9DBB781C}.Release|Any CPU.Build.0 = Release|Any CPU
		{3A28DB6C-88ED-4904-82DD-AAA8A2825F16}.Debug|Any CPU.ActiveCfg = Debug|Any CPU
		{3A28DB6C-88ED-4904-82DD-AAA8A2825F16}.Debug|Any CPU.Build.0 = Debug|Any CPU
		{3A28DB6C-88ED-4904-82DD-AAA8A2825F16}.Release|Any CPU.ActiveCfg = Release|Any CPU
		{3A28DB6C-88ED-4904-82DD-AAA8A2825F16}.Release|Any CPU.Build.0 = Release|Any CPU
		{208BD895-0C7D-4F8C-A000-285E36CDD7E4}.Debug|Any CPU.ActiveCfg = Debug|Any CPU
		{208BD895-0C7D-4F8C-A000-285E36CDD7E4}.Debug|Any CPU.Build.0 = Debug|Any CPU
		{208BD895-0C7D-4F8C-A000-285E36CDD7E4}.Release|Any CPU.ActiveCfg = Release|Any CPU
		{208BD895-0C7D-4F8C-A000-285E36CDD7E4}.Release|Any CPU.Build.0 = Release|Any CPU
		{FF6FE8D2-89E3-4E13-AC5F-8D3D184A68F3}.Debug|Any CPU.ActiveCfg = Debug|Any CPU
		{FF6FE8D2-89E3-4E13-AC5F-8D3D184A68F3}.Debug|Any CPU.Build.0 = Debug|Any CPU
		{FF6FE8D2-89E3-4E13-AC5F-8D3D184A68F3}.Release|Any CPU.ActiveCfg = Release|Any CPU
		{FF6FE8D2-89E3-4E13-AC5F-8D3D184A68F3}.Release|Any CPU.Build.0 = Release|Any CPU
		{3C5BA67A-8DC7-495F-BE23-27B559844F69}.Debug|Any CPU.ActiveCfg = Debug|Any CPU
		{3C5BA67A-8DC7-495F-BE23-27B559844F69}.Debug|Any CPU.Build.0 = Debug|Any CPU
		{3C5BA67A-8DC7-495F-BE23-27B559844F69}.Release|Any CPU.ActiveCfg = Release|Any CPU
		{3C5BA67A-8DC7-495F-BE23-27B559844F69}.Release|Any CPU.Build.0 = Release|Any CPU
		{9BFFC3ED-AB9A-48FD-9F47-2F14B7CE5447}.Debug|Any CPU.ActiveCfg = Debug|Any CPU
		{9BFFC3ED-AB9A-48FD-9F47-2F14B7CE5447}.Debug|Any CPU.Build.0 = Debug|Any CPU
		{9BFFC3ED-AB9A-48FD-9F47-2F14B7CE5447}.Release|Any CPU.ActiveCfg = Release|Any CPU
		{9BFFC3ED-AB9A-48FD-9F47-2F14B7CE5447}.Release|Any CPU.Build.0 = Release|Any CPU
		{A84B8C45-42A4-4119-A0F4-8CD0F43D71AB}.Debug|Any CPU.ActiveCfg = Debug|Any CPU
		{A84B8C45-42A4-4119-A0F4-8CD0F43D71AB}.Debug|Any CPU.Build.0 = Debug|Any CPU
		{A84B8C45-42A4-4119-A0F4-8CD0F43D71AB}.Release|Any CPU.ActiveCfg = Release|Any CPU
		{A84B8C45-42A4-4119-A0F4-8CD0F43D71AB}.Release|Any CPU.Build.0 = Release|Any CPU
	EndGlobalSection
	GlobalSection(SolutionProperties) = preSolution
		HideSolutionNode = FALSE
	EndGlobalSection
	GlobalSection(NestedProjects) = preSolution
		{873EECE3-DEA3-4A33-8776-4414F5444FC7} = {F4D65A12-9284-4D21-ACFC-E72D83017C40}
		{FA4C647F-48F3-4153-B7C6-C8A9A964CF2E} = {F4D65A12-9284-4D21-ACFC-E72D83017C40}
		{910FE999-C88D-42FA-9639-1CC88D14509D} = {F4D65A12-9284-4D21-ACFC-E72D83017C40}
		{FA1D2A4C-C062-488E-9DC8-314F9EC2409B} = {C36E770A-93CF-4569-AEB3-30B0595E3681}
		{22F89690-5DCE-40F8-9070-9CF227FD12A9} = {C36E770A-93CF-4569-AEB3-30B0595E3681}
		{D1ECD363-63DD-43F1-9283-535A9DBB781C} = {C36E770A-93CF-4569-AEB3-30B0595E3681}
		{3A28DB6C-88ED-4904-82DD-AAA8A2825F16} = {984CD4E5-FB6D-4CB1-BE4C-7433747B92BC}
		{208BD895-0C7D-4F8C-A000-285E36CDD7E4} = {984CD4E5-FB6D-4CB1-BE4C-7433747B92BC}
		{FF6FE8D2-89E3-4E13-AC5F-8D3D184A68F3} = {984CD4E5-FB6D-4CB1-BE4C-7433747B92BC}
		{3C5BA67A-8DC7-495F-BE23-27B559844F69} = {59BA8C1B-C391-48F3-90EF-F0304EF656D9}
		{9BFFC3ED-AB9A-48FD-9F47-2F14B7CE5447} = {59BA8C1B-C391-48F3-90EF-F0304EF656D9}
		{A84B8C45-42A4-4119-A0F4-8CD0F43D71AB} = {59BA8C1B-C391-48F3-90EF-F0304EF656D9}
	EndGlobalSection
	GlobalSection(ExtensibilityGlobals) = postSolution
		SolutionGuid = {A90E6084-0890-46E9-ABBB-64957BA27D9E}
	EndGlobalSection
EndGlobal
