
Microsoft Visual Studio Solution File, Format Version 12.00
# Visual Studio Version 16
VisualStudioVersion = 16.0.33927.289
MinimumVisualStudioVersion = 10.0.40219.1
Project("{2150E333-8FDC-42A3-9474-1A3956D46DE8}") = "Task0", "Task0", "{F4D65A12-9284-4D21-ACFC-E72D83017C40}"
EndProject
Project("{FAE04EC0-301F-11D3-BF4B-00C04F79EFBC}") = "Tyuiu.PyatkovaAYu.Sprint5.Task0.V19", "Tyuiu.PyatkovaAYu.Sprint5.Task0.V19\Tyuiu.PyatkovaAYu.Sprint5.Task0.V19.csproj", "{873EECE3-DEA3-4A33-8776-4414F5444FC7}"
EndProject
Project("{FAE04EC0-301F-11D3-BF4B-00C04F79EFBC}") = "Tyuiu.PyatkovaAYu.Sprint5.Task0.V19.Lib", "Tyuiu.PyatkovaAYu.Sprint5.Task0.V19.Lib\Tyuiu.PyatkovaAYu.Sprint5.Task0.V19.Lib.csproj", "{FA4C647F-48F3-4153-B7C6-C8A9A964CF2E}"
EndProject
Project("{FAE04EC0-301F-11D3-BF4B-00C04F79EFBC}") = "Tyuiu.PyatkovaAYu.Sprint5.Task0.V19.Test", "Tyuiu.PyatkovaAYu.Sprint5.Task0.V19.Test\Tyuiu.PyatkovaAYu.Sprint5.Task0.V19.Test.csproj", "{910FE999-C88D-42FA-9639-1CC88D14509D}"
EndProject
Project("{2150E333-8FDC-42A3-9474-1A3956D46DE8}") = "Task1", "Task1", "{C36E770A-93CF-4569-AEB3-30B0595E3681}"
EndProject
Project("{FAE04EC0-301F-11D3-BF4B-00C04F79EFBC}") = "Tyuiu.PyatkovaAYu.Sprint5.Task1.V4", "Tyuiu.PyatkovaAYu.Sprint5.Task1.V4\Tyuiu.PyatkovaAYu.Sprint5.Task1.V4.csproj", "{FA1D2A4C-C062-488E-9DC8-314F9EC2409B}"
EndProject
Project("{FAE04EC0-301F-11D3-BF4B-00C04F79EFBC}") = "Tyuiu.PyatkovaAYu.Sprint5.Task1.V4.Lib", "Tyuiu.PyatkovaAYu.Sprint5.Task1.V4.Lib\Tyuiu.PyatkovaAYu.Sprint5.Task1.V4.Lib.csproj", "{22F89690-5DCE-40F8-9070-9CF227FD12A9}"
EndProject
Project("{FAE04EC0-301F-11D3-BF4B-00C04F79EFBC}") = "Tyuiu.PyatkovaAYu.Sprint5.Task1.V4.Test", "Tyuiu.PyatkovaAYu.Sprint5.Task1.V4.Test\Tyuiu.PyatkovaAYu.Sprint5.Task1.V4.Test.csproj", "{D1ECD363-63DD-43F1-9283-535A9DBB781C}"
EndProject
Project("{2150E333-8FDC-42A3-9474-1A3956D46DE8}") = "Task2", "Task2", "{984CD4E5-FB6D-4CB1-BE4C-7433747B92BC}"
EndProject
Project("{FAE04EC0-301F-11D3-BF4B-00C04F79EFBC}") = "Tyuiu.PyatkovaAYu.Sprint5.Task2.V16", "Tyuiu.PyatkovaAYu.Sprint5.Task2.V16\Tyuiu.PyatkovaAYu.Sprint5.Task2.V16.csproj", "{3A28DB6C-88ED-4904-82DD-AAA8A2825F16}"
EndProject
Project("{FAE04EC0-301F-11D3-BF4B-00C04F79EFBC}") = "Tyuiu.PyatkovaAYu.Sprint5.Task2.V16.Lib", "Tyuiu.PyatkovaAYu.Sprint5.Task2.V16.Lib\Tyuiu.PyatkovaAYu.Sprint5.Task2.V16.Lib.csproj", "{208BD895-0C7D-4F8C-A000-285E36CDD7E4}"
EndProject
Project("{FAE04EC0-301F-11D3-BF4B-00C04F79EFBC}") = "Tyuiu.PyatkovaAYu.Sprint5.Task2.V16.Test", "Tyuiu.PyatkovaAYu.Sprint5.Task2.V16.Test\Tyuiu.PyatkovaAYu.Sprint5.Task2.V16.Test.csproj", "{FF6FE8D2-89E3-4E13-AC5F-8D3D184A68F3}"
EndProject
Project("{2150E333-8FDC-42A3-9474-1A3956D46DE8}") = "Task3", "Task3", "{59BA8C1B-C391-48F3-90EF-F0304EF656D9}"
EndProject
Project("{FAE04EC0-301F-11D3-BF4B-00C04F79EFBC}") = "Tyuiu.PyatkovaAYu.Sprint5.Task3.V28", "Tyuiu.PyatkovaAYu.Sprint5.Task3.V28\Tyuiu.PyatkovaAYu.Sprint5.Task3.V28.csproj", "{3C5BA67A-8DC7-495F-BE23-27B559844F69}"
EndProject
Project("{FAE04EC0-301F-11D3-BF4B-00C04F79EFBC}") = "Tyuiu.PyatkovaAYu.Sprint5.Task3.V28.Lib", "Tyuiu.PyatkovaAYu.Sprint5.Task3.V28.Lib\Tyuiu.PyatkovaAYu.Sprint5.Task3.V28.Lib.csproj", "{9BFFC3ED-AB9A-48FD-9F47-2F14B7CE5447}"
EndProject
Project("{FAE04EC0-301F-11D3-BF4B-00C04F79EFBC}") = "Tyuiu.PyatkovaAYu.Sprint5.Task3.V28.Test", "Tyuiu.PyatkovaAYu.Sprint5.Task3.V28.Test\Tyuiu.PyatkovaAYu.Sprint5.Task3.V28.Test.csproj", "{A84B8C45-42A4-4119-A0F4-8CD0F43D71AB}"
EndProject
Project("{2150E333-8FDC-42A3-9474-1A3956D46DE8}") = "Task4", "Task4", "{C9519A37-9CA9-4433-865E-3CC909D71B01}"
EndProject
Project("{FAE04EC0-301F-11D3-BF4B-00C04F79EFBC}") = "Tyuiu.PyatkovaAYu.Sprint5.Task4.V1", "Tyuiu.PyatkovaAYu.Sprint5.Task4.V1\Tyuiu.PyatkovaAYu.Sprint5.Task4.V1.csproj", "{E1A2CA32-EB26-404B-8334-106A094FBF6F}"
EndProject
Project("{FAE04EC0-301F-11D3-BF4B-00C04F79EFBC}") = "Tyuiu.PyatkovaAYu.Sprint5.Task4.V1.Lib", "Tyuiu.PyatkovaAYu.Sprint5.Task4.V1.Lib\Tyuiu.PyatkovaAYu.Sprint5.Task4.V1.Lib.csproj", "{7C3E2DDC-9331-47E5-8128-140797FC3766}"
EndProject
Project("{FAE04EC0-301F-11D3-BF4B-00C04F79EFBC}") = "Tyuiu.PyatkovaAYu.Sprint5.Task4.V1.Test", "Tyuiu.PyatkovaAYu.Sprint5.Task4.V1.Test\Tyuiu.PyatkovaAYu.Sprint5.Task4.V1.Test.csproj", "{8F0852DE-5F78-4525-A52E-6C7DAA421F49}"
EndProject
Project("{2150E333-8FDC-42A3-9474-1A3956D46DE8}") = "Task5", "Task5", "{0C320DED-F47A-4DA7-92D6-5EE9EC0E77D3}"
EndProject
Project("{FAE04EC0-301F-11D3-BF4B-00C04F79EFBC}") = "Tyuiu.PyatkovaAYu.Sprint5.Task5.V17", "Tyuiu.PyatkovaAYu.Sprint5.Task5.V17\Tyuiu.PyatkovaAYu.Sprint5.Task5.V17.csproj", "{D731D167-7DD3-4EE1-B5B2-96A523180EEF}"
EndProject
Project("{FAE04EC0-301F-11D3-BF4B-00C04F79EFBC}") = "Tyuiu.PyatkovaAYu.Sprint5.Task5.V17.Lib", "Tyuiu.PyatkovaAYu.Sprint5.Task5.V17.Lib\Tyuiu.PyatkovaAYu.Sprint5.Task5.V17.Lib.csproj", "{80FA8F51-B1C5-4DAE-9781-098BB1E37D37}"
EndProject
Project("{FAE04EC0-301F-11D3-BF4B-00C04F79EFBC}") = "Tyuiu.PyatkovaAYu.Sprint5.Task5.V17.Test", "Tyuiu.PyatkovaAYu.Sprint5.Task5.V17.Test\Tyuiu.PyatkovaAYu.Sprint5.Task5.V17.Test.csproj", "{77466018-5D82-4F84-9693-BE5E8498995C}"
EndProject
Project("{2150E333-8FDC-42A3-9474-1A3956D46DE8}") = "Task6", "Task6", "{09C6A156-B9FC-4965-881C-B4B0AFFA20D1}"
EndProject
Project("{FAE04EC0-301F-11D3-BF4B-00C04F79EFBC}") = "Tyuiu.PyatkovaAYu.Sprint5.Task6.V15", "Tyuiu.PyatkovaAYu.Sprint5.Task6.V15\Tyuiu.PyatkovaAYu.Sprint5.Task6.V15.csproj", "{31284393-39DA-4E1A-91F2-B50308052A3D}"
EndProject
Project("{FAE04EC0-301F-11D3-BF4B-00C04F79EFBC}") = "Tyuiu.PyatkovaAYu.Sprint5.Task6.V15.Lib", "Tyuiu.PyatkovaAYu.Sprint5.Task6.V15.Lib\Tyuiu.PyatkovaAYu.Sprint5.Task6.V15.Lib.csproj", "{B1CBA347-09C2-43E0-9145-D00E482DBBB5}"
EndProject
Project("{FAE04EC0-301F-11D3-BF4B-00C04F79EFBC}") = "Tyuiu.PyatkovaAYu.Sprint5.Task6.V15.Test", "Tyuiu.PyatkovaAYu.Sprint5.Task6.V15.Test\Tyuiu.PyatkovaAYu.Sprint5.Task6.V15.Test.csproj", "{96C07252-87B2-4AC3-8228-BB98B5E3AA78}"
EndProject
Project("{2150E333-8FDC-42A3-9474-1A3956D46DE8}") = "Task7", "Task7", "{D08BC65E-19D5-4897-9A79-242C4B29D336}"
EndProject
Project("{FAE04EC0-301F-11D3-BF4B-00C04F79EFBC}") = "Tyuiu.PyatkovaAYu.Sprint5.Task7.V27", "Tyuiu.PyatkovaAYu.Sprint5.Task7.V27\Tyuiu.PyatkovaAYu.Sprint5.Task7.V27.csproj", "{BE5F9EE9-15A5-429A-B647-CBD7A3DF3D94}"
EndProject
Project("{FAE04EC0-301F-11D3-BF4B-00C04F79EFBC}") = "Tyuiu.PyatkovaAYu.Sprint5.Task7.V27.Lib", "Tyuiu.PyatkovaAYu.Sprint5.Task7.V27.Lib\Tyuiu.PyatkovaAYu.Sprint5.Task7.V27.Lib.csproj", "{7595CB37-0DAB-41A2-8EE8-FBA34DC60FA5}"
EndProject
Project("{FAE04EC0-301F-11D3-BF4B-00C04F79EFBC}") = "Tyuiu.PyatkovaAYu.Sprint5.Task7.V27.Test", "Tyuiu.PyatkovaAYu.Sprint5.Task7.V27.Test\Tyuiu.PyatkovaAYu.Sprint5.Task7.V27.Test.csproj", "{3C98D0DE-E440-4410-AF43-3A399863291F}"
EndProject
Global
	GlobalSection(SolutionConfigurationPlatforms) = preSolution
		Debug|Any CPU = Debug|Any CPU
		Release|Any CPU = Release|Any CPU
	EndGlobalSection
	GlobalSection(ProjectConfigurationPlatforms) = postSolution
		{873EECE3-DEA3-4A33-8776-4414F5444FC7}.Debug|Any CPU.ActiveCfg = Debug|Any CPU
		{873EECE3-DEA3-4A33-8776-4414F5444FC7}.Debug|Any CPU.Build.0 = Debug|Any CPU
		{873EECE3-DEA3-4A33-8776-4414F5444FC7}.Release|Any CPU.ActiveCfg = Release|Any CPU
		{873EECE3-DEA3-4A33-8776-4414F5444FC7}.Release|Any CPU.Build.0 = Release|Any CPU
		{FA4C647F-48F3-4153-B7C6-C8A9A964CF2E}.Debug|Any CPU.ActiveCfg = Debug|Any CPU
		{FA4C647F-48F3-4153-B7C6-C8A9A964CF2E}.Debug|Any CPU.Build.0 = Debug|Any CPU
		{FA4C647F-48F3-4153-B7C6-C8A9A964CF2E}.Release|Any CPU.ActiveCfg = Release|Any CPU
		{FA4C647F-48F3-4153-B7C6-C8A9A964CF2E}.Release|Any CPU.Build.0 = Release|Any CPU
		{910FE999-C88D-42FA-9639-1CC88D14509D}.Debug|Any CPU.ActiveCfg = Debug|Any CPU
		{910FE999-C88D-42FA-9639-1CC88D14509D}.Debug|Any CPU.Build.0 = Debug|Any CPU
		{910FE999-C88D-42FA-9639-1CC88D14509D}.Release|Any CPU.ActiveCfg = Release|Any CPU
		{910FE999-C88D-42FA-9639-1CC88D14509D}.Release|Any CPU.Build.0 = Release|Any CPU
		{FA1D2A4C-C062-488E-9DC8-314F9EC2409B}.Debug|Any CPU.ActiveCfg = Debug|Any CPU
		{FA1D2A4C-C062-488E-9DC8-314F9EC2409B}.Debug|Any CPU.Build.0 = Debug|Any CPU
		{FA1D2A4C-C062-488E-9DC8-314F9EC2409B}.Release|Any CPU.ActiveCfg = Release|Any CPU
		{FA1D2A4C-C062-488E-9DC8-314F9EC2409B}.Release|Any CPU.Build.0 = Release|Any CPU
		{22F89690-5DCE-40F8-9070-9CF227FD12A9}.Debug|Any CPU.ActiveCfg = Debug|Any CPU
		{22F89690-5DCE-40F8-9070-9CF227FD12A9}.Debug|Any CPU.Build.0 = Debug|Any CPU
		{22F89690-5DCE-40F8-9070-9CF227FD12A9}.Release|Any CPU.ActiveCfg = Release|Any CPU
		{22F89690-5DCE-40F8-9070-9CF227FD12A9}.Release|Any CPU.Build.0 = Release|Any CPU
		{D1ECD363-63DD-43F1-9283-535A9DBB781C}.Debug|Any CPU.ActiveCfg = Debug|Any CPU
		{D1ECD363-63DD-43F1-9283-535A9DBB781C}.Debug|Any CPU.Build.0 = Debug|Any CPU
		{D1ECD363-63DD-43F1-9283-535A9DBB781C}.Release|Any CPU.ActiveCfg = Release|Any CPU
		{D1ECD363-63DD-43F1-9283-535A9DBB781C}.Release|Any CPU.Build.0 = Release|Any CPU
		{3A28DB6C-88ED-4904-82DD-AAA8A2825F16}.Debug|Any CPU.ActiveCfg = Debug|Any CPU
		{3A28DB6C-88ED-4904-82DD-AAA8A2825F16}.Debug|Any CPU.Build.0 = Debug|Any CPU
		{3A28DB6C-88ED-4904-82DD-AAA8A2825F16}.Release|Any CPU.ActiveCfg = Release|Any CPU
		{3A28DB6C-88ED-4904-82DD-AAA8A2825F16}.Release|Any CPU.Build.0 = Release|Any CPU
		{208BD895-0C7D-4F8C-A000-285E36CDD7E4}.Debug|Any CPU.ActiveCfg = Debug|Any CPU
		{208BD895-0C7D-4F8C-A000-285E36CDD7E4}.Debug|Any CPU.Build.0 = Debug|Any CPU
		{208BD895-0C7D-4F8C-A000-285E36CDD7E4}.Release|Any CPU.ActiveCfg = Release|Any CPU
		{208BD895-0C7D-4F8C-A000-285E36CDD7E4}.Release|Any CPU.Build.0 = Release|Any CPU
		{FF6FE8D2-89E3-4E13-AC5F-8D3D184A68F3}.Debug|Any CPU.ActiveCfg = Debug|Any CPU
		{FF6FE8D2-89E3-4E13-AC5F-8D3D184A68F3}.Debug|Any CPU.Build.0 = Debug|Any CPU
		{FF6FE8D2-89E3-4E13-AC5F-8D3D184A68F3}.Release|Any CPU.ActiveCfg = Release|Any CPU
		{FF6FE8D2-89E3-4E13-AC5F-8D3D184A68F3}.Release|Any CPU.Build.0 = Release|Any CPU
		{3C5BA67A-8DC7-495F-BE23-27B559844F69}.Debug|Any CPU.ActiveCfg = Debug|Any CPU
		{3C5BA67A-8DC7-495F-BE23-27B559844F69}.Debug|Any CPU.Build.0 = Debug|Any CPU
		{3C5BA67A-8DC7-495F-BE23-27B559844F69}.Release|Any CPU.ActiveCfg = Release|Any CPU
		{3C5BA67A-8DC7-495F-BE23-27B559844F69}.Release|Any CPU.Build.0 = Release|Any CPU
		{9BFFC3ED-AB9A-48FD-9F47-2F14B7CE5447}.Debug|Any CPU.ActiveCfg = Debug|Any CPU
		{9BFFC3ED-AB9A-48FD-9F47-2F14B7CE5447}.Debug|Any CPU.Build.0 = Debug|Any CPU
		{9BFFC3ED-AB9A-48FD-9F47-2F14B7CE5447}.Release|Any CPU.ActiveCfg = Release|Any CPU
		{9BFFC3ED-AB9A-48FD-9F47-2F14B7CE5447}.Release|Any CPU.Build.0 = Release|Any CPU
		{A84B8C45-42A4-4119-A0F4-8CD0F43D71AB}.Debug|Any CPU.ActiveCfg = Debug|Any CPU
		{A84B8C45-42A4-4119-A0F4-8CD0F43D71AB}.Debug|Any CPU.Build.0 = Debug|Any CPU
		{A84B8C45-42A4-4119-A0F4-8CD0F43D71AB}.Release|Any CPU.ActiveCfg = Release|Any CPU
		{A84B8C45-42A4-4119-A0F4-8CD0F43D71AB}.Release|Any CPU.Build.0 = Release|Any CPU
		{E1A2CA32-EB26-404B-8334-106A094FBF6F}.Debug|Any CPU.ActiveCfg = Debug|Any CPU
		{E1A2CA32-EB26-404B-8334-106A094FBF6F}.Debug|Any CPU.Build.0 = Debug|Any CPU
		{E1A2CA32-EB26-404B-8334-106A094FBF6F}.Release|Any CPU.ActiveCfg = Release|Any CPU
		{E1A2CA32-EB26-404B-8334-106A094FBF6F}.Release|Any CPU.Build.0 = Release|Any CPU
		{7C3E2DDC-9331-47E5-8128-140797FC3766}.Debug|Any CPU.ActiveCfg = Debug|Any CPU
		{7C3E2DDC-9331-47E5-8128-140797FC3766}.Debug|Any CPU.Build.0 = Debug|Any CPU
		{7C3E2DDC-9331-47E5-8128-140797FC3766}.Release|Any CPU.ActiveCfg = Release|Any CPU
		{7C3E2DDC-9331-47E5-8128-140797FC3766}.Release|Any CPU.Build.0 = Release|Any CPU
		{8F0852DE-5F78-4525-A52E-6C7DAA421F49}.Debug|Any CPU.ActiveCfg = Debug|Any CPU
		{8F0852DE-5F78-4525-A52E-6C7DAA421F49}.Debug|Any CPU.Build.0 = Debug|Any CPU
		{8F0852DE-5F78-4525-A52E-6C7DAA421F49}.Release|Any CPU.ActiveCfg = Release|Any CPU
		{8F0852DE-5F78-4525-A52E-6C7DAA421F49}.Release|Any CPU.Build.0 = Release|Any CPU
		{D731D167-7DD3-4EE1-B5B2-96A523180EEF}.Debug|Any CPU.ActiveCfg = Debug|Any CPU
		{D731D167-7DD3-4EE1-B5B2-96A523180EEF}.Debug|Any CPU.Build.0 = Debug|Any CPU
		{D731D167-7DD3-4EE1-B5B2-96A523180EEF}.Release|Any CPU.ActiveCfg = Release|Any CPU
		{D731D167-7DD3-4EE1-B5B2-96A523180EEF}.Release|Any CPU.Build.0 = Release|Any CPU
		{80FA8F51-B1C5-4DAE-9781-098BB1E37D37}.Debug|Any CPU.ActiveCfg = Debug|Any CPU
		{80FA8F51-B1C5-4DAE-9781-098BB1E37D37}.Debug|Any CPU.Build.0 = Debug|Any CPU
		{80FA8F51-B1C5-4DAE-9781-098BB1E37D37}.Release|Any CPU.ActiveCfg = Release|Any CPU
		{80FA8F51-B1C5-4DAE-9781-098BB1E37D37}.Release|Any CPU.Build.0 = Release|Any CPU
		{77466018-5D82-4F84-9693-BE5E8498995C}.Debug|Any CPU.ActiveCfg = Debug|Any CPU
		{77466018-5D82-4F84-9693-BE5E8498995C}.Debug|Any CPU.Build.0 = Debug|Any CPU
		{77466018-5D82-4F84-9693-BE5E8498995C}.Release|Any CPU.ActiveCfg = Release|Any CPU
		{77466018-5D82-4F84-9693-BE5E8498995C}.Release|Any CPU.Build.0 = Release|Any CPU
		{31284393-39DA-4E1A-91F2-B50308052A3D}.Debug|Any CPU.ActiveCfg = Debug|Any CPU
		{31284393-39DA-4E1A-91F2-B50308052A3D}.Debug|Any CPU.Build.0 = Debug|Any CPU
		{31284393-39DA-4E1A-91F2-B50308052A3D}.Release|Any CPU.ActiveCfg = Release|Any CPU
		{31284393-39DA-4E1A-91F2-B50308052A3D}.Release|Any CPU.Build.0 = Release|Any CPU
		{B1CBA347-09C2-43E0-9145-D00E482DBBB5}.Debug|Any CPU.ActiveCfg = Debug|Any CPU
		{B1CBA347-09C2-43E0-9145-D00E482DBBB5}.Debug|Any CPU.Build.0 = Debug|Any CPU
		{B1CBA347-09C2-43E0-9145-D00E482DBBB5}.Release|Any CPU.ActiveCfg = Release|Any CPU
		{B1CBA347-09C2-43E0-9145-D00E482DBBB5}.Release|Any CPU.Build.0 = Release|Any CPU
		{96C07252-87B2-4AC3-8228-BB98B5E3AA78}.Debug|Any CPU.ActiveCfg = Debug|Any CPU
		{96C07252-87B2-4AC3-8228-BB98B5E3AA78}.Debug|Any CPU.Build.0 = Debug|Any CPU
		{96C07252-87B2-4AC3-8228-BB98B5E3AA78}.Release|Any CPU.ActiveCfg = Release|Any CPU
		{96C07252-87B2-4AC3-8228-BB98B5E3AA78}.Release|Any CPU.Build.0 = Release|Any CPU
		{BE5F9EE9-15A5-429A-B647-CBD7A3DF3D94}.Debug|Any CPU.ActiveCfg = Debug|Any CPU
		{BE5F9EE9-15A5-429A-B647-CBD7A3DF3D94}.Debug|Any CPU.Build.0 = Debug|Any CPU
		{BE5F9EE9-15A5-429A-B647-CBD7A3DF3D94}.Release|Any CPU.ActiveCfg = Release|Any CPU
		{BE5F9EE9-15A5-429A-B647-CBD7A3DF3D94}.Release|Any CPU.Build.0 = Release|Any CPU
		{7595CB37-0DAB-41A2-8EE8-FBA34DC60FA5}.Debug|Any CPU.ActiveCfg = Debug|Any CPU
		{7595CB37-0DAB-41A2-8EE8-FBA34DC60FA5}.Debug|Any CPU.Build.0 = Debug|Any CPU
		{7595CB37-0DAB-41A2-8EE8-FBA34DC60FA5}.Release|Any CPU.ActiveCfg = Release|Any CPU
		{7595CB37-0DAB-41A2-8EE8-FBA34DC60FA5}.Release|Any CPU.Build.0 = Release|Any CPU
		{3C98D0DE-E440-4410-AF43-3A399863291F}.Debug|Any CPU.ActiveCfg = Debug|Any CPU
		{3C98D0DE-E440-4410-AF43-3A399863291F}.Debug|Any CPU.Build.0 = Debug|Any CPU
		{3C98D0DE-E440-4410-AF43-3A399863291F}.Release|Any CPU.ActiveCfg = Release|Any CPU
		{3C98D0DE-E440-4410-AF43-3A399863291F}.Release|Any CPU.Build.0 = Release|Any CPU
	EndGlobalSection
	GlobalSection(SolutionProperties) = preSolution
		HideSolutionNode = FALSE
	EndGlobalSection
	GlobalSection(NestedProjects) = preSolution
		{873EECE3-DEA3-4A33-8776-4414F5444FC7} = {F4D65A12-9284-4D21-ACFC-E72D83017C40}
		{FA4C647F-48F3-4153-B7C6-C8A9A964CF2E} = {F4D65A12-9284-4D21-ACFC-E72D83017C40}
		{910FE999-C88D-42FA-9639-1CC88D14509D} = {F4D65A12-9284-4D21-ACFC-E72D83017C40}
		{FA1D2A4C-C062-488E-9DC8-314F9EC2409B} = {C36E770A-93CF-4569-AEB3-30B0595E3681}
		{22F89690-5DCE-40F8-9070-9CF227FD12A9} = {C36E770A-93CF-4569-AEB3-30B0595E3681}
		{D1ECD363-63DD-43F1-9283-535A9DBB781C} = {C36E770A-93CF-4569-AEB3-30B0595E3681}
		{3A28DB6C-88ED-4904-82DD-AAA8A2825F16} = {984CD4E5-FB6D-4CB1-BE4C-7433747B92BC}
		{208BD895-0C7D-4F8C-A000-285E36CDD7E4} = {984CD4E5-FB6D-4CB1-BE4C-7433747B92BC}
		{FF6FE8D2-89E3-4E13-AC5F-8D3D184A68F3} = {984CD4E5-FB6D-4CB1-BE4C-7433747B92BC}
		{3C5BA67A-8DC7-495F-BE23-27B559844F69} = {59BA8C1B-C391-48F3-90EF-F0304EF656D9}
		{9BFFC3ED-AB9A-48FD-9F47-2F14B7CE5447} = {59BA8C1B-C391-48F3-90EF-F0304EF656D9}
		{A84B8C45-42A4-4119-A0F4-8CD0F43D71AB} = {59BA8C1B-C391-48F3-90EF-F0304EF656D9}
		{E1A2CA32-EB26-404B-8334-106A094FBF6F} = {C9519A37-9CA9-4433-865E-3CC909D71B01}
		{7C3E2DDC-9331-47E5-8128-140797FC3766} = {C9519A37-9CA9-4433-865E-3CC909D71B01}
		{8F0852DE-5F78-4525-A52E-6C7DAA421F49} = {C9519A37-9CA9-4433-865E-3CC909D71B01}
		{D731D167-7DD3-4EE1-B5B2-96A523180EEF} = {0C320DED-F47A-4DA7-92D6-5EE9EC0E77D3}
		{80FA8F51-B1C5-4DAE-9781-098BB1E37D37} = {0C320DED-F47A-4DA7-92D6-5EE9EC0E77D3}
		{77466018-5D82-4F84-9693-BE5E8498995C} = {0C320DED-F47A-4DA7-92D6-5EE9EC0E77D3}
		{31284393-39DA-4E1A-91F2-B50308052A3D} = {09C6A156-B9FC-4965-881C-B4B0AFFA20D1}
		{B1CBA347-09C2-43E0-9145-D00E482DBBB5} = {09C6A156-B9FC-4965-881C-B4B0AFFA20D1}
		{96C07252-87B2-4AC3-8228-BB98B5E3AA78} = {09C6A156-B9FC-4965-881C-B4B0AFFA20D1}
		{BE5F9EE9-15A5-429A-B647-CBD7A3DF3D94} = {D08BC65E-19D5-4897-9A79-242C4B29D336}
		{7595CB37-0DAB-41A2-8EE8-FBA34DC60FA5} = {D08BC65E-19D5-4897-9A79-242C4B29D336}
		{3C98D0DE-E440-4410-AF43-3A399863291F} = {D08BC65E-19D5-4897-9A79-242C4B29D336}
	EndGlobalSection
	GlobalSection(ExtensibilityGlobals) = postSolution
		SolutionGuid = {A90E6084-0890-46E9-ABBB-64957BA27D9E}
	EndGlobalSection
EndGlobal
